
Microsoft Visual Studio Solution File, Format Version 12.00
# Visual Studio Version 16
VisualStudioVersion = 16.0.30907.101
MinimumVisualStudioVersion = 10.0.40219.1
Project("{FAE04EC0-301F-11D3-BF4B-00C04F79EFBC}") = "DotNetCoreIdentityAuthentication", "DotNetCoreIdentityAuthentication\DotNetCoreIdentityAuthentication.csproj", "{101B4071-7DF6-4DDF-A93E-27E1AB108C8F}"
EndProject
Global
	GlobalSection(SolutionConfigurationPlatforms) = preSolution
		Debug|Any CPU = Debug|Any CPU
		Release|Any CPU = Release|Any CPU
	EndGlobalSection
	GlobalSection(ProjectConfigurationPlatforms) = postSolution
		{101B4071-7DF6-4DDF-A93E-27E1AB108C8F}.Debug|Any CPU.ActiveCfg = Debug|Any CPU
		{101B4071-7DF6-4DDF-A93E-27E1AB108C8F}.Debug|Any CPU.Build.0 = Debug|Any CPU
		{101B4071-7DF6-4DDF-A93E-27E1AB108C8F}.Release|Any CPU.ActiveCfg = Release|Any CPU
		{101B4071-7DF6-4DDF-A93E-27E1AB108C8F}.Release|Any CPU.Build.0 = Release|Any CPU
	EndGlobalSection
	GlobalSection(SolutionProperties) = preSolution
		HideSolutionNode = FALSE
	EndGlobalSection
	GlobalSection(ExtensibilityGlobals) = postSolution
		SolutionGuid = {A07531B6-697C-4973-9380-3857DAD70BE8}
	EndGlobalSection
EndGlobal
